
Microsoft Visual Studio Solution File, Format Version 12.00
# Visual Studio Version 17
VisualStudioVersion = 17.9.34728.123
MinimumVisualStudioVersion = 10.0.40219.1
Project("{FAE04EC0-301F-11D3-BF4B-00C04F79EFBC}") = "SpaceShooterGame", "SpaceShooterGame.csproj", "{B4FE348B-E616-487B-9F7C-692424F9E05D}"
EndProject
Global
	GlobalSection(SolutionConfigurationPlatforms) = preSolution
		Debug|Any CPU = Debug|Any CPU
		Release|Any CPU = Release|Any CPU
	EndGlobalSection
	GlobalSection(ProjectConfigurationPlatforms) = postSolution
		{B4FE348B-E616-487B-9F7C-692424F9E05D}.Debug|Any CPU.ActiveCfg = Debug|Any CPU
		{B4FE348B-E616-487B-9F7C-692424F9E05D}.Debug|Any CPU.Build.0 = Debug|Any CPU
		{B4FE348B-E616-487B-9F7C-692424F9E05D}.Release|Any CPU.ActiveCfg = Release|Any CPU
		{B4FE348B-E616-487B-9F7C-692424F9E05D}.Release|Any CPU.Build.0 = Release|Any CPU
	EndGlobalSection
	GlobalSection(SolutionProperties) = preSolution
		HideSolutionNode = FALSE
	EndGlobalSection
	GlobalSection(ExtensibilityGlobals) = postSolution
		SolutionGuid = {4F7FE66D-25F6-4D93-B300-9D8A676FE971}
	EndGlobalSection
EndGlobal
